
Microsoft Visual Studio Solution File, Format Version 12.00
# Visual Studio Version 16
VisualStudioVersion = 25.0.1704.0
MinimumVisualStudioVersion = 10.0.40219.1
Project("{FAE04EC0-301F-11D3-BF4B-00C04F79EFBC}") = "CatBreedAPI", "CatBreedAPI.csproj", "{657D86A4-E65D-4FC7-A763-075DB3B567A1}"
EndProject
Global
	GlobalSection(SolutionConfigurationPlatforms) = preSolution
		Debug|Any CPU = Debug|Any CPU
		Release|Any CPU = Release|Any CPU
	EndGlobalSection
	GlobalSection(ProjectConfigurationPlatforms) = postSolution
		{657D86A4-E65D-4FC7-A763-075DB3B567A1}.Debug|Any CPU.ActiveCfg = Debug|Any CPU
		{657D86A4-E65D-4FC7-A763-075DB3B567A1}.Debug|Any CPU.Build.0 = Debug|Any CPU
		{657D86A4-E65D-4FC7-A763-075DB3B567A1}.Release|Any CPU.ActiveCfg = Release|Any CPU
		{657D86A4-E65D-4FC7-A763-075DB3B567A1}.Release|Any CPU.Build.0 = Release|Any CPU
	EndGlobalSection
	GlobalSection(SolutionProperties) = preSolution
		HideSolutionNode = FALSE
	EndGlobalSection
	GlobalSection(ExtensibilityGlobals) = postSolution
		SolutionGuid = {F410CCA8-1A44-4BBF-8C6B-B3FAC005185A}
	EndGlobalSection
EndGlobal
